{
    "version": 3,
    "terraform_version": "0.11.8",
    "serial": 1,
    "lineage": "4edf9836-aa88-5488-c596-ca1c557cd0b2",
    "modules": [
        {
            "path": [
                "root"
            ],
            "outputs": {},
            "resources": {
                "heroku_addon.db_ci": {
                    "type": "heroku_addon",
                    "depends_on": [
                        "heroku_app.ci"
                    ],
                    "primary": {
                        "id": "8567ec1a-bf9d-41c9-883c-fe4d663e484d",
                        "attributes": {
                            "app": "movie-rest-app-ci",
                            "config_vars.#": "1",
                            "config_vars.0": "DATABASE_URL",
                            "id": "8567ec1a-bf9d-41c9-883c-fe4d663e484d",
                            "name": "postgresql-tetrahedral-59817",
                            "plan": "heroku-postgresql:hobby-dev",
                            "provider_id": "15600714"
                        },
                        "meta": {
                            "schema_version": "1"
                        },
                        "tainted": false
                    },
                    "deposed": [],
                    "provider": "provider.heroku"
                },
                "heroku_addon.db_prod": {
                    "type": "heroku_addon",
                    "depends_on": [
                        "heroku_app.production"
                    ],
                    "primary": {
                        "id": "b0be6175-e894-41af-9d3a-de773d8d8e4b",
                        "attributes": {
                            "app": "movie-rest-app-production",
                            "config_vars.#": "1",
                            "config_vars.0": "DATABASE_URL",
                            "id": "b0be6175-e894-41af-9d3a-de773d8d8e4b",
                            "name": "postgresql-fitted-98496",
                            "plan": "heroku-postgresql:hobby-dev",
                            "provider_id": "15600713"
                        },
                        "meta": {
                            "schema_version": "1"
                        },
                        "tainted": false
                    },
                    "deposed": [],
                    "provider": "provider.heroku"
                },
                "heroku_addon.db_stage": {
                    "type": "heroku_addon",
                    "depends_on": [
                        "heroku_app.staging"
                    ],
                    "primary": {
                        "id": "6157bf97-a03c-4176-9240-3b383aee22bf",
                        "attributes": {
                            "app": "movie-rest-app-staging",
                            "config_vars.#": "1",
                            "config_vars.0": "DATABASE_URL",
                            "id": "6157bf97-a03c-4176-9240-3b383aee22bf",
                            "name": "postgresql-aerodynamic-19596",
                            "plan": "heroku-postgresql:hobby-dev",
                            "provider_id": "15600712"
                        },
                        "meta": {
                            "schema_version": "1"
                        },
                        "tainted": false
                    },
                    "deposed": [],
                    "provider": "provider.heroku"
                },
                "heroku_app.ci": {
                    "type": "heroku_app",
                    "depends_on": [],
                    "primary": {
                        "id": "movie-rest-app-ci",
                        "attributes": {
                            "acm": "false",
                            "all_config_vars.%": "0",
                            "config_vars.#": "0",
                            "git_url": "https://git.heroku.com/movie-rest-app-ci.git",
                            "heroku_hostname": "movie-rest-app-ci.herokuapp.com",
                            "id": "movie-rest-app-ci",
                            "internal_routing": "false",
                            "name": "movie-rest-app-ci",
                            "region": "eu",
                            "stack": "heroku-18",
                            "uuid": "d027a4a0-9382-4f09-ba2a-f0d9dd67a1c4",
                            "web_url": "https://movie-rest-app-ci.herokuapp.com/"
                        },
                        "meta": {},
                        "tainted": false
                    },
                    "deposed": [],
                    "provider": "provider.heroku"
                },
                "heroku_app.production": {
                    "type": "heroku_app",
                    "depends_on": [],
                    "primary": {
                        "id": "movie-rest-app-production",
                        "attributes": {
                            "acm": "false",
                            "all_config_vars.%": "0",
                            "config_vars.#": "0",
                            "git_url": "https://git.heroku.com/movie-rest-app-production.git",
                            "heroku_hostname": "movie-rest-app-production.herokuapp.com",
                            "id": "movie-rest-app-production",
                            "internal_routing": "false",
                            "name": "movie-rest-app-production",
                            "region": "eu",
                            "stack": "heroku-18",
                            "uuid": "57d36970-b3a2-40d0-b7c7-02cbb74ba1f8",
                            "web_url": "https://movie-rest-app-production.herokuapp.com/"
                        },
                        "meta": {},
                        "tainted": false
                    },
                    "deposed": [],
                    "provider": "provider.heroku"
                },
                "heroku_app.staging": {
                    "type": "heroku_app",
                    "depends_on": [],
                    "primary": {
                        "id": "movie-rest-app-staging",
                        "attributes": {
                            "acm": "false",
                            "all_config_vars.%": "0",
                            "config_vars.#": "0",
                            "git_url": "https://git.heroku.com/movie-rest-app-staging.git",
                            "heroku_hostname": "movie-rest-app-staging.herokuapp.com",
                            "id": "movie-rest-app-staging",
                            "internal_routing": "false",
                            "name": "movie-rest-app-staging",
                            "region": "eu",
                            "stack": "heroku-18",
                            "uuid": "d0652c77-1648-4e06-92ac-b4d841342cd1",
                            "web_url": "https://movie-rest-app-staging.herokuapp.com/"
                        },
                        "meta": {},
                        "tainted": false
                    },
                    "deposed": [],
                    "provider": "provider.heroku"
                },
                "heroku_pipeline.test-app": {
                    "type": "heroku_pipeline",
                    "depends_on": [],
                    "primary": {
                        "id": "12908fb5-e75f-4c60-82b5-ef916b54b2c7",
                        "attributes": {
                            "id": "12908fb5-e75f-4c60-82b5-ef916b54b2c7",
                            "name": "exam-pipeline"
                        },
                        "meta": {},
                        "tainted": false
                    },
                    "deposed": [],
                    "provider": "provider.heroku"
                },
                "heroku_pipeline_coupling.ci": {
                    "type": "heroku_pipeline_coupling",
                    "depends_on": [
                        "heroku_app.ci",
                        "heroku_pipeline.test-app"
                    ],
                    "primary": {
                        "id": "acfcdb86-e4a6-4f37-b533-da56f8246a4b",
                        "attributes": {
                            "app": "movie-rest-app-ci",
                            "app_id": "d027a4a0-9382-4f09-ba2a-f0d9dd67a1c4",
                            "id": "acfcdb86-e4a6-4f37-b533-da56f8246a4b",
                            "pipeline": "12908fb5-e75f-4c60-82b5-ef916b54b2c7",
                            "stage": "development"
                        },
                        "meta": {},
                        "tainted": false
                    },
                    "deposed": [],
                    "provider": "provider.heroku"
                },
                "heroku_pipeline_coupling.production": {
                    "type": "heroku_pipeline_coupling",
                    "depends_on": [
                        "heroku_app.production",
                        "heroku_pipeline.test-app"
                    ],
                    "primary": {
                        "id": "5c266716-f3f7-4397-8b3f-7984737fefee",
                        "attributes": {
                            "app": "movie-rest-app-production",
                            "app_id": "57d36970-b3a2-40d0-b7c7-02cbb74ba1f8",
                            "id": "5c266716-f3f7-4397-8b3f-7984737fefee",
                            "pipeline": "12908fb5-e75f-4c60-82b5-ef916b54b2c7",
                            "stage": "production"
                        },
                        "meta": {},
                        "tainted": false
                    },
                    "deposed": [],
                    "provider": "provider.heroku"
                },
                "heroku_pipeline_coupling.staging": {
                    "type": "heroku_pipeline_coupling",
                    "depends_on": [
                        "heroku_app.staging",
                        "heroku_pipeline.test-app"
                    ],
                    "primary": {
                        "id": "b16298f3-4554-4578-aaa3-4bccf8e3511f",
                        "attributes": {
                            "app": "movie-rest-app-staging",
                            "app_id": "d0652c77-1648-4e06-92ac-b4d841342cd1",
                            "id": "b16298f3-4554-4578-aaa3-4bccf8e3511f",
                            "pipeline": "12908fb5-e75f-4c60-82b5-ef916b54b2c7",
                            "stage": "staging"
                        },
                        "meta": {},
                        "tainted": false
                    },
                    "deposed": [],
                    "provider": "provider.heroku"
                },
                "statuscake_test.ci": {
                    "type": "statuscake_test",
                    "depends_on": [
                        "heroku_app.ci"
                    ],
                    "primary": {
                        "id": "3663524",
                        "attributes": {
                            "check_rate": "300",
                            "confirmations": "0",
                            "contact_id": "0",
                            "custom_header": "",
                            "do_not_find": "false",
                            "final_endpoint": "",
                            "find_string": "",
                            "follow_redirect": "false",
                            "id": "3663524",
                            "logo_image": "",
                            "node_locations.#": "0",
                            "paused": "false",
                            "port": "0",
                            "post_raw": "",
                            "status": "Up",
                            "status_codes": "",
                            "test_id": "3663524",
                            "test_type": "HTTP",
                            "timeout": "40",
                            "trigger_rate": "5",
                            "uptime": "0",
                            "use_jar": "0",
                            "website_name": "movie-rest-app-ci",
                            "website_url": "https://movie-rest-app-ci.herokuapp.com/"
                        },
                        "meta": {},
                        "tainted": false
                    },
                    "deposed": [],
                    "provider": "provider.statuscake"
                },
                "statuscake_test.production": {
                    "type": "statuscake_test",
                    "depends_on": [
                        "heroku_app.production"
                    ],
                    "primary": {
                        "id": "3663522",
                        "attributes": {
                            "check_rate": "300",
                            "confirmations": "0",
                            "contact_id": "0",
                            "custom_header": "",
                            "do_not_find": "false",
                            "final_endpoint": "",
                            "find_string": "",
                            "follow_redirect": "false",
                            "id": "3663522",
                            "logo_image": "",
                            "node_locations.#": "0",
                            "paused": "false",
                            "port": "0",
                            "post_raw": "",
                            "status": "Up",
                            "status_codes": "",
                            "test_id": "3663522",
                            "test_type": "HTTP",
                            "timeout": "40",
                            "trigger_rate": "5",
                            "uptime": "0",
                            "use_jar": "0",
                            "website_name": "movie-rest-app-production",
                            "website_url": "https://movie-rest-app-production.herokuapp.com/"
                        },
                        "meta": {},
                        "tainted": false
                    },
                    "deposed": [],
                    "provider": "provider.statuscake"
                },
                "statuscake_test.stage": {
                    "type": "statuscake_test",
                    "depends_on": [
                        "heroku_app.staging"
                    ],
                    "primary": {
                        "id": "3663523",
                        "attributes": {
                            "check_rate": "300",
                            "confirmations": "0",
                            "contact_id": "0",
                            "custom_header": "",
                            "do_not_find": "false",
                            "final_endpoint": "",
                            "find_string": "",
                            "follow_redirect": "false",
                            "id": "3663523",
                            "logo_image": "",
                            "node_locations.#": "0",
                            "paused": "false",
                            "port": "0",
                            "post_raw": "",
                            "status": "Up",
                            "status_codes": "",
                            "test_id": "3663523",
                            "test_type": "HTTP",
                            "timeout": "40",
                            "trigger_rate": "5",
                            "uptime": "0",
                            "use_jar": "0",
                            "website_name": "movie-rest-app-staging",
                            "website_url": "https://movie-rest-app-staging.herokuapp.com/"
                        },
                        "meta": {},
                        "tainted": false
                    },
                    "deposed": [],
                    "provider": "provider.statuscake"
                }
            },
            "depends_on": []
        }
    ]
}
